
Microsoft Visual Studio Solution File, Format Version 12.00
# Visual Studio Version 17
VisualStudioVersion = 17.0.32126.317
MinimumVisualStudioVersion = 10.0.40219.1
Project("{2150E333-8FDC-42A3-9474-1A3956D46DE8}") = "src", "src", "{0B592220-D01E-4495-A86E-32DD1BB381F1}"
EndProject
Project("{9A19103F-16F7-4668-BE54-9A1E7A4F7556}") = "AspNetCore.FileService", "src\AspNetCore.FileServices\AspNetCore.FileService.csproj", "{A3269C6D-9B26-46AC-869F-C296AC27376A}"
EndProject
Project("{FAE04EC0-301F-11D3-BF4B-00C04F79EFBC}") = "Web", "Web\Web.csproj", "{6B0B6B42-0B30-4193-8D73-D3D4E4D4BB76}"
EndProject
Global
	GlobalSection(SolutionConfigurationPlatforms) = preSolution
		Debug|Any CPU = Debug|Any CPU
		Release|Any CPU = Release|Any CPU
	EndGlobalSection
	GlobalSection(ProjectConfigurationPlatforms) = postSolution
		{A3269C6D-9B26-46AC-869F-C296AC27376A}.Debug|Any CPU.ActiveCfg = Debug|Any CPU
		{A3269C6D-9B26-46AC-869F-C296AC27376A}.Debug|Any CPU.Build.0 = Debug|Any CPU
		{A3269C6D-9B26-46AC-869F-C296AC27376A}.Release|Any CPU.ActiveCfg = Release|Any CPU
		{A3269C6D-9B26-46AC-869F-C296AC27376A}.Release|Any CPU.Build.0 = Release|Any CPU
		{6B0B6B42-0B30-4193-8D73-D3D4E4D4BB76}.Debug|Any CPU.ActiveCfg = Debug|Any CPU
		{6B0B6B42-0B30-4193-8D73-D3D4E4D4BB76}.Debug|Any CPU.Build.0 = Debug|Any CPU
		{6B0B6B42-0B30-4193-8D73-D3D4E4D4BB76}.Release|Any CPU.ActiveCfg = Release|Any CPU
		{6B0B6B42-0B30-4193-8D73-D3D4E4D4BB76}.Release|Any CPU.Build.0 = Release|Any CPU
	EndGlobalSection
	GlobalSection(SolutionProperties) = preSolution
		HideSolutionNode = FALSE
	EndGlobalSection
	GlobalSection(NestedProjects) = preSolution
		{A3269C6D-9B26-46AC-869F-C296AC27376A} = {0B592220-D01E-4495-A86E-32DD1BB381F1}
		{6B0B6B42-0B30-4193-8D73-D3D4E4D4BB76} = {0B592220-D01E-4495-A86E-32DD1BB381F1}
	EndGlobalSection
	GlobalSection(ExtensibilityGlobals) = postSolution
		SolutionGuid = {12EB67A3-46F3-4A2E-9B63-A000774777AB}
	EndGlobalSection
EndGlobal
